
Microsoft Visual Studio Solution File, Format Version 12.00
# Visual Studio 2012
Project("{FAE04EC0-301F-11D3-BF4B-00C04F79EFBC}") = "Drag and Drop", "Drag and Drop\Drag and Drop.csproj", "{B54D936F-7432-4B14-B7D4-06A706B2D05B}"
EndProject
Global
	GlobalSection(SolutionConfigurationPlatforms) = preSolution
		Debug|Any CPU = Debug|Any CPU
		Release|Any CPU = Release|Any CPU
	EndGlobalSection
	GlobalSection(ProjectConfigurationPlatforms) = postSolution
		{B54D936F-7432-4B14-B7D4-06A706B2D05B}.Debug|Any CPU.ActiveCfg = Debug|Any CPU
		{B54D936F-7432-4B14-B7D4-06A706B2D05B}.Debug|Any CPU.Build.0 = Debug|Any CPU
		{B54D936F-7432-4B14-B7D4-06A706B2D05B}.Release|Any CPU.ActiveCfg = Release|Any CPU
		{B54D936F-7432-4B14-B7D4-06A706B2D05B}.Release|Any CPU.Build.0 = Release|Any CPU
	EndGlobalSection
	GlobalSection(SolutionProperties) = preSolution
		HideSolutionNode = FALSE
	EndGlobalSection
EndGlobal
